{
  "pins" : [
    {
      "identity" : "suite",
      "kind" : "remoteSourceControl",
      "location" : "https://github.com/ios-tooling/Suite.git",
      "state" : {
        "revision" : "52d878810bdcc5ed42d18bbb499b96438075fa5d",
        "version" : "1.0.115"
      }
    }
  ],
  "version" : 2
}
