{
  "pins" : [
    {
      "identity" : "suite",
      "kind" : "remoteSourceControl",
      "location" : "https://github.com/bengottlieb/Suite.git",
      "state" : {
        "revision" : "f25a0a0d88e057dba003fad422e02d3c917dd87f",
        "version" : "1.0.102"
      }
    }
  ],
  "version" : 2
}
